
Microsoft Visual Studio Solution File, Format Version 12.00
# Visual Studio Version 17
VisualStudioVersion = 17.14.37516.0 d17.14
MinimumVisualStudioVersion = 10.0.40219.1
Project("{FAE04EC0-301F-11D3-BF4B-00C04F79EFBC}") = "WYCHaochan-Password-Generator", "WYCHaochan-Password-Generator.csproj", "{343CA77A-9260-4A9B-A624-AE56C05B1AAB}"
EndProject
Global
	GlobalSection(SolutionConfigurationPlatforms) = preSolution
		Debug|Any CPU = Debug|Any CPU
		Release|Any CPU = Release|Any CPU
	EndGlobalSection
	GlobalSection(ProjectConfigurationPlatforms) = postSolution
		{343CA77A-9260-4A9B-A624-AE56C05B1AAB}.Debug|Any CPU.ActiveCfg = Debug|Any CPU
		{343CA77A-9260-4A9B-A624-AE56C05B1AAB}.Debug|Any CPU.Build.0 = Debug|Any CPU
		{343CA77A-9260-4A9B-A624-AE56C05B1AAB}.Release|Any CPU.ActiveCfg = Release|Any CPU
		{343CA77A-9260-4A9B-A624-AE56C05B1AAB}.Release|Any CPU.Build.0 = Release|Any CPU
	EndGlobalSection
	GlobalSection(SolutionProperties) = preSolution
		HideSolutionNode = FALSE
	EndGlobalSection
	GlobalSection(ExtensibilityGlobals) = postSolution
		SolutionGuid = {4AD47E03-F664-4139-89E4-4D960E2BDEB3}
	EndGlobalSection
EndGlobal
